%{
  "tmp": {:hex, :tmp, "0.2.0", "124be8059d40d07f5c9381492bcba6139db3c498a161dd869d377a80e087e1ee", [:mix], [], "hexpm", "148df766aee1855ed3a72a6b94895db5d4b136df39eb6724e8db20eb92699733"},
  "typed_struct": {:hex, :typed_struct, "0.3.0", "939789e3c1dca39d7170c87f729127469d1315dcf99fee8e152bb774b17e7ff7", [:mix], [], "hexpm", "c50bd5c3a61fe4e198a8504f939be3d3c85903b382bde4865579bc23111d1b6d"},
}
